{
  "nodes": {
    "cadiback": {
      "inputs": {
        "cadical": "cadical",
        "nixpkgs": [
          "nixpkgs"
        ]
      },
      "locked": {
        "lastModified": 1765710932,
        "narHash": "sha256-Xlkjg5ClEW8F9er7BcYIbsXTh7HPpr6XaQUHLP8XNRY=",
        "owner": "meelgroup",
        "repo": "cadiback",
        "rev": "cdebc75b308149453f1e54d0dafe084caa2fee34",
        "type": "github"
      },
      "original": {
        "owner": "meelgroup",
        "ref": "main",
        "repo": "cadiback",
        "type": "github"
      }
    },
    "cadical": {
      "inputs": {
        "nixpkgs": [
          "cadiback",
          "nixpkgs"
        ]
      },
      "locked": {
        "lastModified": 1765644177,
        "narHash": "sha256-D1R6W0aKNqDxXqPeqVMkBwbkUCZbLIkwRlLwoIReG78=",
        "owner": "meelgroup",
        "repo": "cadical",
        "rev": "07959ac34f139c247208c850da76087d4911b86a",
        "type": "github"
      },
      "original": {
        "owner": "meelgroup",
        "ref": "master",
        "repo": "cadical",
        "type": "github"
      }
    },
    "cadical_2": {
      "inputs": {
        "nixpkgs": [
          "nixpkgs"
        ]
      },
      "locked": {
        "lastModified": 1765644177,
        "narHash": "sha256-D1R6W0aKNqDxXqPeqVMkBwbkUCZbLIkwRlLwoIReG78=",
        "owner": "meelgroup",
        "repo": "cadical",
        "rev": "07959ac34f139c247208c850da76087d4911b86a",
        "type": "github"
      },
      "original": {
        "owner": "meelgroup",
        "ref": "master",
        "repo": "cadical",
        "type": "github"
      }
    },
    "nixpkgs": {
      "locked": {
        "lastModified": 1764230294,
        "narHash": "sha256-Z63xl5Scj3Y/zRBPAWq1eT68n2wBWGCIEF4waZ0bQBE=",
        "owner": "nixos",
        "repo": "nixpkgs",
        "rev": "0d59e0290eefe0f12512043842d7096c4070f30e",
        "type": "github"
      },
      "original": {
        "owner": "nixos",
        "ref": "nixpkgs-unstable",
        "repo": "nixpkgs",
        "type": "github"
      }
    },
    "root": {
      "inputs": {
        "cadiback": "cadiback",
        "cadical": "cadical_2",
        "nixpkgs": "nixpkgs"
      }
    }
  },
  "root": "root",
  "version": 7
}
