{
  "nodes": {
    "cadiback": {
      "inputs": {
        "cadical": "cadical",
        "nixpkgs": [
          "nixpkgs"
        ]
      },
      "locked": {
        "lastModified": 1749393400,
        "narHash": "sha256-dhVgiG3PPLiB9OcKabd5SYlo2xW/XSn45s1JvAXq6Lk=",
        "owner": "meelgroup",
        "repo": "cadiback",
        "rev": "f30a13a347fffe99b557a52092a568a6d94a5e13",
        "type": "github"
      },
      "original": {
        "owner": "meelgroup",
        "ref": "synthesis",
        "repo": "cadiback",
        "type": "github"
      }
    },
    "cadical": {
      "inputs": {
        "nixpkgs": [
          "cadiback",
          "nixpkgs"
        ]
      },
      "locked": {
        "lastModified": 1746895627,
        "narHash": "sha256-26SEMdfn/UHP9CL6FGPK9gv+Ee0Rvs2sfhenFdKBrQ4=",
        "owner": "meelgroup",
        "repo": "cadical",
        "rev": "41a2b00be9d28c49fce221f883c67bd6ed2dc7bf",
        "type": "github"
      },
      "original": {
        "owner": "meelgroup",
        "ref": "add_dynamic_lib",
        "repo": "cadical",
        "type": "github"
      }
    },
    "cadical_2": {
      "inputs": {
        "nixpkgs": [
          "nixpkgs"
        ]
      },
      "locked": {
        "lastModified": 1749393537,
        "narHash": "sha256-FaD4aE2bHKhZFO9dTzFLDkTTuMHfI7gI9sfhPY6oObo=",
        "owner": "meelgroup",
        "repo": "cadical",
        "rev": "0e8be0642ebf3e872a9df806fc0c1c1d8fa90084",
        "type": "github"
      },
      "original": {
        "owner": "meelgroup",
        "ref": "add_dynamic_lib",
        "repo": "cadical",
        "type": "github"
      }
    },
    "nixpkgs": {
      "locked": {
        "lastModified": 1750811787,
        "narHash": "sha256-rD/978c35JXz6JLAzciTIOCMenPumF6zrQOj4rVZeHE=",
        "owner": "nixos",
        "repo": "nixpkgs",
        "rev": "992f916556fcfaa94451ebc7fc6e396134bbf5b1",
        "type": "github"
      },
      "original": {
        "owner": "nixos",
        "ref": "nixpkgs-unstable",
        "repo": "nixpkgs",
        "type": "github"
      }
    },
    "root": {
      "inputs": {
        "cadiback": "cadiback",
        "cadical": "cadical_2",
        "nixpkgs": "nixpkgs"
      }
    }
  },
  "root": "root",
  "version": 7
}
