{
  "nodes": {
    "cadiback": {
      "inputs": {
        "cadical": "cadical",
        "nixpkgs": [
          "nixpkgs"
        ]
      },
      "locked": {
        "lastModified": 1789248055,
        "narHash": "sha256-UIJhXYwTq3orU9hhR4KbMd2Jb7dp7n3ZX141xOBzolU=",
        "owner": "meelgroup",
        "repo": "cadiback",
        "rev": "47a6d821085ef8cb033241659824beafeb798cff",
        "type": "github"
      },
      "original": {
        "owner": "meelgroup",
        "ref": "main",
        "repo": "cadiback",
        "type": "github"
      }
    },
    "cadical": {
      "inputs": {
        "nixpkgs": [
          "cadiback",
          "nixpkgs"
        ]
      },
      "locked": {
        "lastModified": 1789247225,
        "narHash": "sha256-Ff8iH6CqMPdcqOSN6gjVqbJ1qKuHlwqrl/vW/nCtGPU=",
        "owner": "meelgroup",
        "repo": "cadical",
        "rev": "818c9562f114b315a9246ced943b66b60b38e8fb",
        "type": "github"
      },
      "original": {
        "owner": "meelgroup",
        "ref": "master",
        "repo": "cadical",
        "type": "github"
      }
    },
    "nixpkgs": {
      "locked": {
        "lastModified": 1772771118,
        "narHash": "sha256-xWzaTvmmACR/SRWtABgI/Z97lcqwJAeoSd5QW1KdK1s=",
        "owner": "nixos",
        "repo": "nixpkgs",
        "rev": "e38213b91d3786389a446dfce4ff5a8aaf6012f2",
        "type": "github"
      },
      "original": {
        "owner": "nixos",
        "ref": "nixpkgs-unstable",
        "repo": "nixpkgs",
        "type": "github"
      }
    },
    "root": {
      "inputs": {
        "cadiback": "cadiback",
        "cadical": [
          "cadiback",
          "cadical"
        ],
        "nixpkgs": "nixpkgs"
      }
    }
  },
  "root": "root",
  "version": 7
}
